lockfileVersion: 5.4

specifiers:
  typescript: ^4.8.4

devDependencies:
  typescript: registry.npmmirror.com/typescript/4.8.4

packages:

  registry.npmmirror.com/typescript/4.8.4:
    resolution: {integrity: sha512-QCh+85mCy+h0IGff8r5XWzOVSbBO+KfeYrMQh7NJ58QujwcE22u+NUSmUxqF+un70P9GXKxa2HCNiTTMJknyjQ==, registry: https://registry.npm.taobao.org/, tarball: https://registry.npmmirror.com/typescript/-/typescript-4.8.4.tgz}
    name: typescript
    version: 4.8.4
    engines: {node: '>=4.2.0'}
    hasBin: true
    dev: true
